dependencies:
- name: postgresql
  repository: https://charts.bitnami.com/bitnami
  version: 16.6.6
- name: mysql
  repository: https://charts.bitnami.com/bitnami
  version: 11.1.20
- name: redis
  repository: https://charts.bitnami.com/bitnami
  version: 20.13.3
digest: sha256:6057b4a650f83893521b3c28034b9f5118e1c9399cc3181aa8f9d7029580a4c1
generated: "2025-04-29T12:09:47.323600595Z"
