dependencies:
- name: postgresql
  repository: https://charts.bitnami.com/bitnami
  version: 15.5.18
- name: mysql
  repository: https://charts.bitnami.com/bitnami
  version: 11.1.12
- name: redis
  repository: https://charts.bitnami.com/bitnami
  version: 19.6.2
- name: soketi
  repository: https://helm.soketi.app
  version: 2.0.0
digest: sha256:487eb578fd1fbe7335bac25571286ddfe21a6ef46936d70b9187d000ffa8009b
generated: "2024-07-24T09:34:16.379920767Z"
