dependencies:
- name: postgres
  repository: oci://registry-1.docker.io/cloudpirates
  version: 0.19.5
- name: mariadb
  repository: oci://registry-1.docker.io/cloudpirates
  version: 0.16.5
- name: redis
  repository: oci://registry-1.docker.io/cloudpirates
  version: 0.30.4
digest: sha256:9ddcfdcc6509fb8423faabab70bd06f734f4bfbf4ec4a4f57f95e8836bb8b9cf
generated: "2026-06-20T19:45:38.174382+06:00"
