dependencies:
- name: postgresql
  repository: https://charts.bitnami.com/bitnami
  version: 12.2.2
- name: redis
  repository: https://charts.bitnami.com/bitnami
  version: 17.8.2
digest: sha256:e54370f6130fd7169630882e263a3075feda463172e3f5b53b4d2f94904fd75e
generated: "2023-03-01T19:05:44.551065+01:00"
