dependencies:
- name: postgresql
  repository: https://charts.bitnami.com/bitnami
  version: 12.2.8
- name: redis
  repository: https://charts.bitnami.com/bitnami
  version: 17.8.7
digest: sha256:6018558236be214e817a194b3fd00a93cdf07dc086fdb88cde0e94a10c2450db
generated: "2023-08-14T18:51:06.46157+02:00"
